
Microsoft Visual Studio Solution File, Format Version 12.00
# Visual Studio Version 17
VisualStudioVersion = 17.6.33829.357
MinimumVisualStudioVersion = 10.0.40219.1
Project("{9A19103F-16F7-4668-BE54-9A1E7A4F7556}") = "DesignMethods.Console", "DesignMethods.Console\DesignMethods.Console.csproj", "{6A46FD17-D60B-413B-923E-CF49A3253AF5}"
EndProject
Project("{FAE04EC0-301F-11D3-BF4B-00C04F79EFBC}") = "DesignMethods.Desktop", "DesignMethods.Desktop\DesignMethods.Desktop.csproj", "{D176CB72-3145-47D9-A945-B07E36D929B9}"
EndProject
Global
	GlobalSection(SolutionConfigurationPlatforms) = preSolution
		Debug|Any CPU = Debug|Any CPU
		Release|Any CPU = Release|Any CPU
	EndGlobalSection
	GlobalSection(ProjectConfigurationPlatforms) = postSolution
		{6A46FD17-D60B-413B-923E-CF49A3253AF5}.Debug|Any CPU.ActiveCfg = Debug|Any CPU
		{6A46FD17-D60B-413B-923E-CF49A3253AF5}.Debug|Any CPU.Build.0 = Debug|Any CPU
		{6A46FD17-D60B-413B-923E-CF49A3253AF5}.Release|Any CPU.ActiveCfg = Release|Any CPU
		{6A46FD17-D60B-413B-923E-CF49A3253AF5}.Release|Any CPU.Build.0 = Release|Any CPU
		{D176CB72-3145-47D9-A945-B07E36D929B9}.Debug|Any CPU.ActiveCfg = Debug|Any CPU
		{D176CB72-3145-47D9-A945-B07E36D929B9}.Debug|Any CPU.Build.0 = Debug|Any CPU
		{D176CB72-3145-47D9-A945-B07E36D929B9}.Debug|Any CPU.Deploy.0 = Debug|Any CPU
		{D176CB72-3145-47D9-A945-B07E36D929B9}.Release|Any CPU.ActiveCfg = Release|Any CPU
		{D176CB72-3145-47D9-A945-B07E36D929B9}.Release|Any CPU.Build.0 = Release|Any CPU
		{D176CB72-3145-47D9-A945-B07E36D929B9}.Release|Any CPU.Deploy.0 = Release|Any CPU
	EndGlobalSection
	GlobalSection(SolutionProperties) = preSolution
		HideSolutionNode = FALSE
	EndGlobalSection
	GlobalSection(ExtensibilityGlobals) = postSolution
		SolutionGuid = {C089D1A3-8A8A-4B1B-BF2E-94BC52E10A9E}
	EndGlobalSection
EndGlobal
